// !$*UTF8*$!
{
	archiveVersion = 1;
	classes = {
	};
	objectVersion = 51;
	objects = {

/* Begin PBXBuildFile section */
		044E1995E013E8044F2AE90D /* Pods_PowerAdaperTests.framework in Frameworks */ = {isa = PBXBuildFile; fileRef = E8A719CC1B8AFD16300B46D0 /* Pods_PowerAdaperTests.framework */; };
		329FA16924630B4F00E1784C /* AppDelegate.swift in Sources */ = {isa = PBXBuildFile; fileRef = 329FA16824630B4F00E1784C /* AppDelegate.swift */; };
		329FA16B24630B5000E1784C /* SceneDelegate.swift in Sources */ = {isa = PBXBuildFile; fileRef = 329FA16A24630B5000E1784C /* SceneDelegate.swift */; };
		329FA16D24630B5000E1784C /* ViewController.swift in Sources */ = {isa = PBXBuildFile; fileRef = 329FA16C24630B5000E1784C /* ViewController.swift */; };
		329FA17024630B5000E1784C /* Main.storyboard in Resources */ = {isa = PBXBuildFile; fileRef = 329FA16E24630B5000E1784C /* Main.storyboard */; };
		329FA17224630B5300E1784C /* Assets.xcassets in Resources */ = {isa = PBXBuildFile; fileRef = 329FA17124630B5300E1784C /* Assets.xcassets */; };
		329FA17524630B5300E1784C /* LaunchScreen.storyboard in Resources */ = {isa = PBXBuildFile; fileRef = 329FA17324630B5300E1784C /* LaunchScreen.storyboard */; };
		329FA18024630B5400E1784C /* PowerAdaperTests.swift in Sources */ = {isa = PBXBuildFile; fileRef = 329FA17F24630B5400E1784C /* PowerAdaperTests.swift */; };
		329FA18D24630E6100E1784C /* SNViewController.swift in Sources */ = {isa = PBXBuildFile; fileRef = 329FA18B24630E6100E1784C /* SNViewController.swift */; };
		329FA18E24630E6100E1784C /* SNViewController.xib in Resources */ = {isa = PBXBuildFile; fileRef = 329FA18C24630E6100E1784C /* SNViewController.xib */; };
		329FA1902463125A00E1784C /* SNView.swift in Sources */ = {isa = PBXBuildFile; fileRef = 329FA18F2463125A00E1784C /* SNView.swift */; };
		329FA1922463129800E1784C /* SNController.swift in Sources */ = {isa = PBXBuildFile; fileRef = 329FA1912463129800E1784C /* SNController.swift */; };
		B55BE1B7F7E7F7156A9C94D6 /* Pods_PowerAdaper.framework in Frameworks */ = {isa = PBXBuildFile; fileRef = 0B67FD3A49A26A548F3C88B7 /* Pods_PowerAdaper.framework */; };
/* End PBXBuildFile section */

/* Begin PBXContainerItemProxy section */
		329FA17C24630B5400E1784C /* PBXContainerItemProxy */ = {
			isa = PBXContainerItemProxy;
			containerPortal = 329FA15D24630B4F00E1784C /* Project object */;
			proxyType = 1;
			remoteGlobalIDString = 329FA16424630B4F00E1784C;
			remoteInfo = PowerAdaper;
		};
/* End PBXContainerItemProxy section */

/* Begin PBXFileReference section */
		0B67FD3A49A26A548F3C88B7 /* Pods_PowerAdaper.framework */ = {isa = PBXFileReference; explicitFileType = wrapper.framework; includeInIndex = 0; path = Pods_PowerAdaper.framework; sourceTree = BUILT_PRODUCTS_DIR; };
		0E6FFDDE4094320237515E43 /* Pods-PowerAdaperTests.release.xcconfig */ = {isa = PBXFileReference; includeInIndex = 1; lastKnownFileType = text.xcconfig; name = "Pods-PowerAdaperTests.release.xcconfig"; path = "Target Support Files/Pods-PowerAdaperTests/Pods-PowerAdaperTests.release.xcconfig"; sourceTree = "<group>"; };
		204CC3430572F81E41CA1682 /* Pods-PowerAdaperTests.debug.xcconfig */ = {isa = PBXFileReference; includeInIndex = 1; lastKnownFileType = text.xcconfig; name = "Pods-PowerAdaperTests.debug.xcconfig"; path = "Target Support Files/Pods-PowerAdaperTests/Pods-PowerAdaperTests.debug.xcconfig"; sourceTree = "<group>"; };
		329FA16524630B4F00E1784C /* PowerAdaper.app */ = {isa = PBXFileReference; explicitFileType = wrapper.application; includeInIndex = 0; path = PowerAdaper.app; sourceTree = BUILT_PRODUCTS_DIR; };
		329FA16824630B4F00E1784C /* AppDelegate.swift */ = {isa = PBXFileReference; lastKnownFileType = sourcecode.swift; path = AppDelegate.swift; sourceTree = "<group>"; };
		329FA16A24630B5000E1784C /* SceneDelegate.swift */ = {isa = PBXFileReference; lastKnownFileType = sourcecode.swift; path = SceneDelegate.swift; sourceTree = "<group>"; };
		329FA16C24630B5000E1784C /* ViewController.swift */ = {isa = PBXFileReference; lastKnownFileType = sourcecode.swift; path = ViewController.swift; sourceTree = "<group>"; };
		329FA16F24630B5000E1784C /* Base */ = {isa = PBXFileReference; lastKnownFileType = file.storyboard; name = Base; path = Base.lproj/Main.storyboard; sourceTree = "<group>"; };
		329FA17124630B5300E1784C /* Assets.xcassets */ = {isa = PBXFileReference; lastKnownFileType = folder.assetcatalog; path = Assets.xcassets; sourceTree = "<group>"; };
		329FA17424630B5300E1784C /* Base */ = {isa = PBXFileReference; lastKnownFileType = file.storyboard; name = Base; path = Base.lproj/LaunchScreen.storyboard; sourceTree = "<group>"; };
		329FA17624630B5300E1784C /* Info.plist */ = {isa = PBXFileReference; lastKnownFileType = text.plist.xml; path = Info.plist; sourceTree = "<group>"; };
		329FA17B24630B5400E1784C /* PowerAdaperTests.xctest */ = {isa = PBXFileReference; explicitFileType = wrapper.cfbundle; includeInIndex = 0; path = PowerAdaperTests.xctest; sourceTree = BUILT_PRODUCTS_DIR; };
		329FA17F24630B5400E1784C /* PowerAdaperTests.swift */ = {isa = PBXFileReference; lastKnownFileType = sourcecode.swift; path = PowerAdaperTests.swift; sourceTree = "<group>"; };
		329FA18124630B5400E1784C /* Info.plist */ = {isa = PBXFileReference; lastKnownFileType = text.plist.xml; path = Info.plist; sourceTree = "<group>"; };
		329FA18B24630E6100E1784C /* SNViewController.swift */ = {isa = PBXFileReference; lastKnownFileType = sourcecode.swift; path = SNViewController.swift; sourceTree = "<group>"; };
		329FA18C24630E6100E1784C /* SNViewController.xib */ = {isa = PBXFileReference; lastKnownFileType = file.xib; path = SNViewController.xib; sourceTree = "<group>"; };
		329FA18F2463125A00E1784C /* SNView.swift */ = {isa = PBXFileReference; lastKnownFileType = sourcecode.swift; path = SNView.swift; sourceTree = "<group>"; };
		329FA1912463129800E1784C /* SNController.swift */ = {isa = PBXFileReference; lastKnownFileType = sourcecode.swift; path = SNController.swift; sourceTree = "<group>"; };
		AE975640D3C2D0F7869B10B4 /* Pods-PowerAdaper.release.xcconfig */ = {isa = PBXFileReference; includeInIndex = 1; lastKnownFileType = text.xcconfig; name = "Pods-PowerAdaper.release.xcconfig"; path = "Target Support Files/Pods-PowerAdaper/Pods-PowerAdaper.release.xcconfig"; sourceTree = "<group>"; };
		E8A719CC1B8AFD16300B46D0 /* Pods_PowerAdaperTests.framework */ = {isa = PBXFileReference; explicitFileType = wrapper.framework; includeInIndex = 0; path = Pods_PowerAdaperTests.framework; sourceTree = BUILT_PRODUCTS_DIR; };
		FBB7E5E5C59876D95E963C0B /* Pods-PowerAdaper.debug.xcconfig */ = {isa = PBXFileReference; includeInIndex = 1; lastKnownFileType = text.xcconfig; name = "Pods-PowerAdaper.debug.xcconfig"; path = "Target Support Files/Pods-PowerAdaper/Pods-PowerAdaper.debug.xcconfig"; sourceTree = "<group>"; };
/* End PBXFileReference section */

/* Begin PBXFrameworksBuildPhase section */
		329FA16224630B4F00E1784C /* Frameworks */ = {
			isa = PBXFrameworksBuildPhase;
			buildActionMask = 2147483647;
			files = (
				B55BE1B7F7E7F7156A9C94D6 /* Pods_PowerAdaper.framework in Frameworks */,
			);
			runOnlyForDeploymentPostprocessing = 0;
		};
		329FA17824630B5400E1784C /* Frameworks */ = {
			isa = PBXFrameworksBuildPhase;
			buildActionMask = 2147483647;
			files = (
				044E1995E013E8044F2AE90D /* Pods_PowerAdaperTests.framework in Frameworks */,
			);
			runOnlyForDeploymentPostprocessing = 0;
		};
/* End PBXFrameworksBuildPhase section */

/* Begin PBXGroup section */
		31AF431036759E9FB22C8679 /* Pods */ = {
			isa = PBXGroup;
			children = (
				FBB7E5E5C59876D95E963C0B /* Pods-PowerAdaper.debug.xcconfig */,
				AE975640D3C2D0F7869B10B4 /* Pods-PowerAdaper.release.xcconfig */,
				204CC3430572F81E41CA1682 /* Pods-PowerAdaperTests.debug.xcconfig */,
				0E6FFDDE4094320237515E43 /* Pods-PowerAdaperTests.release.xcconfig */,
			);
			path = Pods;
			sourceTree = "<group>";
		};
		329FA15C24630B4F00E1784C = {
			isa = PBXGroup;
			children = (
				329FA18A24630E3C00E1784C /* POC */,
				329FA16724630B4F00E1784C /* PowerAdaper */,
				329FA17E24630B5400E1784C /* PowerAdaperTests */,
				329FA16624630B4F00E1784C /* Products */,
				31AF431036759E9FB22C8679 /* Pods */,
				48C307AAE68A946BA1E40F90 /* Frameworks */,
			);
			sourceTree = "<group>";
		};
		329FA16624630B4F00E1784C /* Products */ = {
			isa = PBXGroup;
			children = (
				329FA16524630B4F00E1784C /* PowerAdaper.app */,
				329FA17B24630B5400E1784C /* PowerAdaperTests.xctest */,
			);
			name = Products;
			sourceTree = "<group>";
		};
		329FA16724630B4F00E1784C /* PowerAdaper */ = {
			isa = PBXGroup;
			children = (
				329FA16824630B4F00E1784C /* AppDelegate.swift */,
				329FA16A24630B5000E1784C /* SceneDelegate.swift */,
				329FA16C24630B5000E1784C /* ViewController.swift */,
				329FA16E24630B5000E1784C /* Main.storyboard */,
				329FA17124630B5300E1784C /* Assets.xcassets */,
				329FA17324630B5300E1784C /* LaunchScreen.storyboard */,
				329FA17624630B5300E1784C /* Info.plist */,
			);
			path = PowerAdaper;
			sourceTree = "<group>";
		};
		329FA17E24630B5400E1784C /* PowerAdaperTests */ = {
			isa = PBXGroup;
			children = (
				329FA17F24630B5400E1784C /* PowerAdaperTests.swift */,
				329FA18124630B5400E1784C /* Info.plist */,
			);
			path = PowerAdaperTests;
			sourceTree = "<group>";
		};
		329FA18A24630E3C00E1784C /* POC */ = {
			isa = PBXGroup;
			children = (
				329FA18B24630E6100E1784C /* SNViewController.swift */,
				329FA18C24630E6100E1784C /* SNViewController.xib */,
				329FA18F2463125A00E1784C /* SNView.swift */,
				329FA1912463129800E1784C /* SNController.swift */,
			);
			path = POC;
			sourceTree = "<group>";
		};
		48C307AAE68A946BA1E40F90 /* Frameworks */ = {
			isa = PBXGroup;
			children = (
				0B67FD3A49A26A548F3C88B7 /* Pods_PowerAdaper.framework */,
				E8A719CC1B8AFD16300B46D0 /* Pods_PowerAdaperTests.framework */,
			);
			name = Frameworks;
			sourceTree = "<group>";
		};
/* End PBXGroup section */

/* Begin PBXNativeTarget section */
		329FA16424630B4F00E1784C /* PowerAdaper */ = {
			isa = PBXNativeTarget;
			buildConfigurationList = 329FA18424630B5400E1784C /* Build configuration list for PBXNativeTarget "PowerAdaper" */;
			buildPhases = (
				DFE262976FC82F55F541A01B /* [CP] Check Pods Manifest.lock */,
				329FA16124630B4F00E1784C /* Sources */,
				329FA16224630B4F00E1784C /* Frameworks */,
				329FA16324630B4F00E1784C /* Resources */,
				A519E0A8B90C985A87496DAD /* [CP] Embed Pods Frameworks */,
			);
			buildRules = (
			);
			dependencies = (
			);
			name = PowerAdaper;
			productName = PowerAdaper;
			productReference = 329FA16524630B4F00E1784C /* PowerAdaper.app */;
			productType = "com.apple.product-type.application";
		};
		329FA17A24630B5400E1784C /* PowerAdaperTests */ = {
			isa = PBXNativeTarget;
			buildConfigurationList = 329FA18724630B5400E1784C /* Build configuration list for PBXNativeTarget "PowerAdaperTests" */;
			buildPhases = (
				631AC42E1606D4A5D3AD4528 /* [CP] Check Pods Manifest.lock */,
				329FA17724630B5400E1784C /* Sources */,
				329FA17824630B5400E1784C /* Frameworks */,
				329FA17924630B5400E1784C /* Resources */,
			);
			buildRules = (
			);
			dependencies = (
				329FA17D24630B5400E1784C /* PBXTargetDependency */,
			);
			name = PowerAdaperTests;
			productName = PowerAdaperTests;
			productReference = 329FA17B24630B5400E1784C /* PowerAdaperTests.xctest */;
			productType = "com.apple.product-type.bundle.unit-test";
		};
/* End PBXNativeTarget section */

/* Begin PBXProject section */
		329FA15D24630B4F00E1784C /* Project object */ = {
			isa = PBXProject;
			attributes = {
				LastSwiftUpdateCheck = 1130;
				LastUpgradeCheck = 1130;
				ORGANIZATIONNAME = sunil.kumar1;
				TargetAttributes = {
					329FA16424630B4F00E1784C = {
						CreatedOnToolsVersion = 11.3.1;
					};
					329FA17A24630B5400E1784C = {
						CreatedOnToolsVersion = 11.3.1;
						TestTargetID = 329FA16424630B4F00E1784C;
					};
				};
			};
			buildConfigurationList = 329FA16024630B4F00E1784C /* Build configuration list for PBXProject "PowerAdaper" */;
			compatibilityVersion = "Xcode 9.3";
			developmentRegion = en;
			hasScannedForEncodings = 0;
			knownRegions = (
				en,
				Base,
			);
			mainGroup = 329FA15C24630B4F00E1784C;
			productRefGroup = 329FA16624630B4F00E1784C /* Products */;
			projectDirPath = "";
			projectRoot = "";
			targets = (
				329FA16424630B4F00E1784C /* PowerAdaper */,
				329FA17A24630B5400E1784C /* PowerAdaperTests */,
			);
		};
/* End PBXProject section */

/* Begin PBXResourcesBuildPhase section */
		329FA16324630B4F00E1784C /* Resources */ = {
			isa = PBXResourcesBuildPhase;
			buildActionMask = 2147483647;
			files = (
				329FA17524630B5300E1784C /* LaunchScreen.storyboard in Resources */,
				329FA17224630B5300E1784C /* Assets.xcassets in Resources */,
				329FA18E24630E6100E1784C /* SNViewController.xib in Resources */,
				329FA17024630B5000E1784C /* Main.storyboard in Resources */,
			);
			runOnlyForDeploymentPostprocessing = 0;
		};
		329FA17924630B5400E1784C /* Resources */ = {
			isa = PBXResourcesBuildPhase;
			buildActionMask = 2147483647;
			files = (
			);
			runOnlyForDeploymentPostprocessing = 0;
		};
/* End PBXResourcesBuildPhase section */

/* Begin PBXShellScriptBuildPhase section */
		631AC42E1606D4A5D3AD4528 /* [CP] Check Pods Manifest.lock */ = {
			isa = PBXShellScriptBuildPhase;
			buildActionMask = 2147483647;
			files = (
			);
			inputFileListPaths = (
			);
			inputPaths = (
				"${PODS_PODFILE_DIR_PATH}/Podfile.lock",
				"${PODS_ROOT}/Manifest.lock",
			);
			name = "[CP] Check Pods Manifest.lock";
			outputFileListPaths = (
			);
			outputPaths = (
				"$(DERIVED_FILE_DIR)/Pods-PowerAdaperTests-checkManifestLockResult.txt",
			);
			runOnlyForDeploymentPostprocessing = 0;
			shellPath = /bin/sh;
			shellScript = "diff \"${PODS_PODFILE_DIR_PATH}/Podfile.lock\" \"${PODS_ROOT}/Manifest.lock\" > /dev/null\nif [ $? != 0 ] ; then\n    # print error to STDERR\n    echo \"error: The sandbox is not in sync with the Podfile.lock. Run 'pod install' or update your CocoaPods installation.\" >&2\n    exit 1\nfi\n# This output is used by Xcode 'outputs' to avoid re-running this script phase.\necho \"SUCCESS\" > \"${SCRIPT_OUTPUT_FILE_0}\"\n";
			showEnvVarsInLog = 0;
		};
		A519E0A8B90C985A87496DAD /* [CP] Embed Pods Frameworks */ = {
			isa = PBXShellScriptBuildPhase;
			buildActionMask = 2147483647;
			files = (
			);
			inputFileListPaths = (
				"${PODS_ROOT}/Target Support Files/Pods-PowerAdaper/Pods-PowerAdaper-frameworks-${CONFIGURATION}-input-files.xcfilelist",
			);
			name = "[CP] Embed Pods Frameworks";
			outputFileListPaths = (
				"${PODS_ROOT}/Target Support Files/Pods-PowerAdaper/Pods-PowerAdaper-frameworks-${CONFIGURATION}-output-files.xcfilelist",
			);
			runOnlyForDeploymentPostprocessing = 0;
			shellPath = /bin/sh;
			shellScript = "\"${PODS_ROOT}/Target Support Files/Pods-PowerAdaper/Pods-PowerAdaper-frameworks.sh\"\n";
			showEnvVarsInLog = 0;
		};
		DFE262976FC82F55F541A01B /* [CP] Check Pods Manifest.lock */ = {
			isa = PBXShellScriptBuildPhase;
			buildActionMask = 2147483647;
			files = (
			);
			inputFileListPaths = (
			);
			inputPaths = (
				"${PODS_PODFILE_DIR_PATH}/Podfile.lock",
				"${PODS_ROOT}/Manifest.lock",
			);
			name = "[CP] Check Pods Manifest.lock";
			outputFileListPaths = (
			);
			outputPaths = (
				"$(DERIVED_FILE_DIR)/Pods-PowerAdaper-checkManifestLockResult.txt",
			);
			runOnlyForDeploymentPostprocessing = 0;
			shellPath = /bin/sh;
			shellScript = "diff \"${PODS_PODFILE_DIR_PATH}/Podfile.lock\" \"${PODS_ROOT}/Manifest.lock\" > /dev/null\nif [ $? != 0 ] ; then\n    # print error to STDERR\n    echo \"error: The sandbox is not in sync with the Podfile.lock. Run 'pod install' or update your CocoaPods installation.\" >&2\n    exit 1\nfi\n# This output is used by Xcode 'outputs' to avoid re-running this script phase.\necho \"SUCCESS\" > \"${SCRIPT_OUTPUT_FILE_0}\"\n";
			showEnvVarsInLog = 0;
		};
/* End PBXShellScriptBuildPhase section */

/* Begin PBXSourcesBuildPhase section */
		329FA16124630B4F00E1784C /* Sources */ = {
			isa = PBXSourcesBuildPhase;
			buildActionMask = 2147483647;
			files = (
				329FA16D24630B5000E1784C /* ViewController.swift in Sources */,
				329FA1902463125A00E1784C /* SNView.swift in Sources */,
				329FA16924630B4F00E1784C /* AppDelegate.swift in Sources */,
				329FA18D24630E6100E1784C /* SNViewController.swift in Sources */,
				329FA1922463129800E1784C /* SNController.swift in Sources */,
				329FA16B24630B5000E1784C /* SceneDelegate.swift in Sources */,
			);
			runOnlyForDeploymentPostprocessing = 0;
		};
		329FA17724630B5400E1784C /* Sources */ = {
			isa = PBXSourcesBuildPhase;
			buildActionMask = 2147483647;
			files = (
				329FA18024630B5400E1784C /* PowerAdaperTests.swift in Sources */,
			);
			runOnlyForDeploymentPostprocessing = 0;
		};
/* End PBXSourcesBuildPhase section */

/* Begin PBXTargetDependency section */
		329FA17D24630B5400E1784C /* PBXTargetDependency */ = {
			isa = PBXTargetDependency;
			target = 329FA16424630B4F00E1784C /* PowerAdaper */;
			targetProxy = 329FA17C24630B5400E1784C /* PBXContainerItemProxy */;
		};
/* End PBXTargetDependency section */

/* Begin PBXVariantGroup section */
		329FA16E24630B5000E1784C /* Main.storyboard */ = {
			isa = PBXVariantGroup;
			children = (
				329FA16F24630B5000E1784C /* Base */,
			);
			name = Main.storyboard;
			sourceTree = "<group>";
		};
		329FA17324630B5300E1784C /* LaunchScreen.storyboard */ = {
			isa = PBXVariantGroup;
			children = (
				329FA17424630B5300E1784C /* Base */,
			);
			name = LaunchScreen.storyboard;
			sourceTree = "<group>";
		};
/* End PBXVariantGroup section */

/* Begin XCBuildConfiguration section */
		329FA18224630B5400E1784C /* Debug */ = {
			isa = XCBuildConfiguration;
			buildSettings = {
				ALWAYS_SEARCH_USER_PATHS = NO;
				CLANG_ANALYZER_NONNULL = YES;
				CLANG_ANALYZER_NUMBER_OBJECT_CONVERSION = YES_AGGRESSIVE;
				CLANG_CXX_LANGUAGE_STANDARD = "gnu++14";
				CLANG_CXX_LIBRARY = "libc++";
				CLANG_ENABLE_MODULES = YES;
				CLANG_ENABLE_OBJC_ARC = YES;
				CLANG_ENABLE_OBJC_WEAK = YES;
				CLANG_WARN_BLOCK_CAPTURE_AUTORELEASING = YES;
				CLANG_WARN_BOOL_CONVERSION = YES;
				CLANG_WARN_COMMA = YES;
				CLANG_WARN_CONSTANT_CONVERSION = YES;
				CLANG_WARN_DEPRECATED_OBJC_IMPLEMENTATIONS = YES;
				CLANG_WARN_DIRECT_OBJC_ISA_USAGE = YES_ERROR;
				CLANG_WARN_DOCUMENTATION_COMMENTS = YES;
				CLANG_WARN_EMPTY_BODY = YES;
				CLANG_WARN_ENUM_CONVERSION = YES;
				CLANG_WARN_INFINITE_RECURSION = YES;
				CLANG_WARN_INT_CONVERSION = YES;
				CLANG_WARN_NON_LITERAL_NULL_CONVERSION = YES;
				CLANG_WARN_OBJC_IMPLICIT_RETAIN_SELF = YES;
				CLANG_WARN_OBJC_LITERAL_CONVERSION = YES;
				CLANG_WARN_OBJC_ROOT_CLASS = YES_ERROR;
				CLANG_WARN_RANGE_LOOP_ANALYSIS = YES;
				CLANG_WARN_STRICT_PROTOTYPES = YES;
				CLANG_WARN_SUSPICIOUS_MOVE = YES;
				CLANG_WARN_UNGUARDED_AVAILABILITY = YES_AGGRESSIVE;
				CLANG_WARN_UNREACHABLE_CODE = YES;
				CLANG_WARN__DUPLICATE_METHOD_MATCH = YES;
				COPY_PHASE_STRIP = NO;
				DEBUG_INFORMATION_FORMAT = dwarf;
				ENABLE_STRICT_OBJC_MSGSEND = YES;
				ENABLE_TESTABILITY = YES;
				GCC_C_LANGUAGE_STANDARD = gnu11;
				GCC_DYNAMIC_NO_PIC = NO;
				GCC_NO_COMMON_BLOCKS = YES;
				GCC_OPTIMIZATION_LEVEL = 0;
				GCC_PREPROCESSOR_DEFINITIONS = (
					"DEBUG=1",
					"$(inherited)",
				);
				GCC_WARN_64_TO_32_BIT_CONVERSION = YES;
				GCC_WARN_ABOUT_RETURN_TYPE = YES_ERROR;
				GCC_WARN_UNDECLARED_SELECTOR = YES;
				GCC_WARN_UNINITIALIZED_AUTOS = YES_AGGRESSIVE;
				GCC_WARN_UNUSED_FUNCTION = YES;
				GCC_WARN_UNUSED_VARIABLE = YES;
				IPHONEOS_DEPLOYMENT_TARGET = 13.2;
				MTL_ENABLE_DEBUG_INFO = INCLUDE_SOURCE;
				MTL_FAST_MATH = YES;
				ONLY_ACTIVE_ARCH = YES;
				SDKROOT = iphoneos;
				SWIFT_ACTIVE_COMPILATION_CONDITIONS = DEBUG;
				SWIFT_OPTIMIZATION_LEVEL = "-Onone";
			};
			name = Debug;
		};
		329FA18324630B5400E1784C /* Release */ = {
			isa = XCBuildConfiguration;
			buildSettings = {
				ALWAYS_SEARCH_USER_PATHS = NO;
				CLANG_ANALYZER_NONNULL = YES;
				CLANG_ANALYZER_NUMBER_OBJECT_CONVERSION = YES_AGGRESSIVE;
				CLANG_CXX_LANGUAGE_STANDARD = "gnu++14";
				CLANG_CXX_LIBRARY = "libc++";
				CLANG_ENABLE_MODULES = YES;
				CLANG_ENABLE_OBJC_ARC = YES;
				CLANG_ENABLE_OBJC_WEAK = YES;
				CLANG_WARN_BLOCK_CAPTURE_AUTORELEASING = YES;
				CLANG_WARN_BOOL_CONVERSION = YES;
				CLANG_WARN_COMMA = YES;
				CLANG_WARN_CONSTANT_CONVERSION = YES;
				CLANG_WARN_DEPRECATED_OBJC_IMPLEMENTATIONS = YES;
				CLANG_WARN_DIRECT_OBJC_ISA_USAGE = YES_ERROR;
				CLANG_WARN_DOCUMENTATION_COMMENTS = YES;
				CLANG_WARN_EMPTY_BODY = YES;
				CLANG_WARN_ENUM_CONVERSION = YES;
				CLANG_WARN_INFINITE_RECURSION = YES;
				CLANG_WARN_INT_CONVERSION = YES;
				CLANG_WARN_NON_LITERAL_NULL_CONVERSION = YES;
				CLANG_WARN_OBJC_IMPLICIT_RETAIN_SELF = YES;
				CLANG_WARN_OBJC_LITERAL_CONVERSION = YES;
				CLANG_WARN_OBJC_ROOT_CLASS = YES_ERROR;
				CLANG_WARN_RANGE_LOOP_ANALYSIS = YES;
				CLANG_WARN_STRICT_PROTOTYPES = YES;
				CLANG_WARN_SUSPICIOUS_MOVE = YES;
				CLANG_WARN_UNGUARDED_AVAILABILITY = YES_AGGRESSIVE;
				CLANG_WARN_UNREACHABLE_CODE = YES;
				CLANG_WARN__DUPLICATE_METHOD_MATCH = YES;
				COPY_PHASE_STRIP = NO;
				DEBUG_INFORMATION_FORMAT = "dwarf-with-dsym";
				ENABLE_NS_ASSERTIONS = NO;
				ENABLE_STRICT_OBJC_MSGSEND = YES;
				GCC_C_LANGUAGE_STANDARD = gnu11;
				GCC_NO_COMMON_BLOCKS = YES;
				GCC_WARN_64_TO_32_BIT_CONVERSION = YES;
				GCC_WARN_ABOUT_RETURN_TYPE = YES_ERROR;
				GCC_WARN_UNDECLARED_SELECTOR = YES;
				GCC_WARN_UNINITIALIZED_AUTOS = YES_AGGRESSIVE;
				GCC_WARN_UNUSED_FUNCTION = YES;
				GCC_WARN_UNUSED_VARIABLE = YES;
				IPHONEOS_DEPLOYMENT_TARGET = 13.2;
				MTL_ENABLE_DEBUG_INFO = NO;
				MTL_FAST_MATH = YES;
				SDKROOT = iphoneos;
				SWIFT_COMPILATION_MODE = wholemodule;
				SWIFT_OPTIMIZATION_LEVEL = "-O";
				VALIDATE_PRODUCT = YES;
			};
			name = Release;
		};
		329FA18524630B5400E1784C /* Debug */ = {
			isa = XCBuildConfiguration;
			baseConfigurationReference = FBB7E5E5C59876D95E963C0B /* Pods-PowerAdaper.debug.xcconfig */;
			buildSettings = {
				ASSETCATALOG_COMPILER_APPICON_NAME = AppIcon;
				CODE_SIGN_STYLE = Automatic;
				INFOPLIST_FILE = PowerAdaper/Info.plist;
				LD_RUNPATH_SEARCH_PATHS = (
					"$(inherited)",
					"@executable_path/Frameworks",
				);
				PRODUCT_BUNDLE_IDENTIFIER = in.til.popkarn.PowerAdaper;
				PRODUCT_NAME = "$(TARGET_NAME)";
				SWIFT_VERSION = 5.0;
				TARGETED_DEVICE_FAMILY = "1,2";
			};
			name = Debug;
		};
		329FA18624630B5400E1784C /* Release */ = {
			isa = XCBuildConfiguration;
			baseConfigurationReference = AE975640D3C2D0F7869B10B4 /* Pods-PowerAdaper.release.xcconfig */;
			buildSettings = {
				ASSETCATALOG_COMPILER_APPICON_NAME = AppIcon;
				CODE_SIGN_STYLE = Automatic;
				INFOPLIST_FILE = PowerAdaper/Info.plist;
				LD_RUNPATH_SEARCH_PATHS = (
					"$(inherited)",
					"@executable_path/Frameworks",
				);
				PRODUCT_BUNDLE_IDENTIFIER = in.til.popkarn.PowerAdaper;
				PRODUCT_NAME = "$(TARGET_NAME)";
				SWIFT_VERSION = 5.0;
				TARGETED_DEVICE_FAMILY = "1,2";
			};
			name = Release;
		};
		329FA18824630B5400E1784C /* Debug */ = {
			isa = XCBuildConfiguration;
			baseConfigurationReference = 204CC3430572F81E41CA1682 /* Pods-PowerAdaperTests.debug.xcconfig */;
			buildSettings = {
				ALWAYS_EMBED_SWIFT_STANDARD_LIBRARIES = YES;
				BUNDLE_LOADER = "$(TEST_HOST)";
				CODE_SIGN_STYLE = Automatic;
				INFOPLIST_FILE = PowerAdaperTests/Info.plist;
				IPHONEOS_DEPLOYMENT_TARGET = 13.2;
				LD_RUNPATH_SEARCH_PATHS = (
					"$(inherited)",
					"@executable_path/Frameworks",
					"@loader_path/Frameworks",
				);
				PRODUCT_BUNDLE_IDENTIFIER = in.til.popkarn.PowerAdaperTests;
				PRODUCT_NAME = "$(TARGET_NAME)";
				SWIFT_VERSION = 5.0;
				TARGETED_DEVICE_FAMILY = "1,2";
				TEST_HOST = "$(BUILT_PRODUCTS_DIR)/PowerAdaper.app/PowerAdaper";
			};
			name = Debug;
		};
		329FA18924630B5400E1784C /* Release */ = {
			isa = XCBuildConfiguration;
			baseConfigurationReference = 0E6FFDDE4094320237515E43 /* Pods-PowerAdaperTests.release.xcconfig */;
			buildSettings = {
				ALWAYS_EMBED_SWIFT_STANDARD_LIBRARIES = YES;
				BUNDLE_LOADER = "$(TEST_HOST)";
				CODE_SIGN_STYLE = Automatic;
				INFOPLIST_FILE = PowerAdaperTests/Info.plist;
				IPHONEOS_DEPLOYMENT_TARGET = 13.2;
				LD_RUNPATH_SEARCH_PATHS = (
					"$(inherited)",
					"@executable_path/Frameworks",
					"@loader_path/Frameworks",
				);
				PRODUCT_BUNDLE_IDENTIFIER = in.til.popkarn.PowerAdaperTests;
				PRODUCT_NAME = "$(TARGET_NAME)";
				SWIFT_VERSION = 5.0;
				TARGETED_DEVICE_FAMILY = "1,2";
				TEST_HOST = "$(BUILT_PRODUCTS_DIR)/PowerAdaper.app/PowerAdaper";
			};
			name = Release;
		};
/* End XCBuildConfiguration section */

/* Begin XCConfigurationList section */
		329FA16024630B4F00E1784C /* Build configuration list for PBXProject "PowerAdaper" */ = {
			isa = XCConfigurationList;
			buildConfigurations = (
				329FA18224630B5400E1784C /* Debug */,
				329FA18324630B5400E1784C /* Release */,
			);
			defaultConfigurationIsVisible = 0;
			defaultConfigurationName = Release;
		};
		329FA18424630B5400E1784C /* Build configuration list for PBXNativeTarget "PowerAdaper" */ = {
			isa = XCConfigurationList;
			buildConfigurations = (
				329FA18524630B5400E1784C /* Debug */,
				329FA18624630B5400E1784C /* Release */,
			);
			defaultConfigurationIsVisible = 0;
			defaultConfigurationName = Release;
		};
		329FA18724630B5400E1784C /* Build configuration list for PBXNativeTarget "PowerAdaperTests" */ = {
			isa = XCConfigurationList;
			buildConfigurations = (
				329FA18824630B5400E1784C /* Debug */,
				329FA18924630B5400E1784C /* Release */,
			);
			defaultConfigurationIsVisible = 0;
			defaultConfigurationName = Release;
		};
/* End XCConfigurationList section */
	};
	rootObject = 329FA15D24630B4F00E1784C /* Project object */;
}
